# This file is automatically @generated by Cargo.
# It is not intended for manual editing.
version = 4

[[package]]
name = "hello-world-package"
version = "0.1.0"
source = "sparse+https://my-domain-627665855519.d.codeartifact.eu-north-1.amazonaws.com/cargo/rust-packages/"
checksum = "87468bb2355ba3c703177c26fe6cdeea5fd412af48666cb98af5af78e917dd11"

[[package]]
name = "test-consumer"
version = "0.1.0"
dependencies = [
 "hello-world-package",
]
